# Generated by scripts/configure.py
Microsoft Visual Studio Solution File, Format Version 12.00
Project("{9fa4aa3d-1347-51ea-9738-20ed432cda65}") = "SourceAFIS.FVC.FV.Matcher", "SourceAFIS.FVC.FV.Matcher/SourceAFIS.FVC.FV.Matcher.csproj", "{9fa4aa3d-1347-51ea-9738-20ed432cda65}"
EndProject
Global
	GlobalSection(SolutionConfigurationPlatforms) = preSolution
		Debug|Any CPU = Debug|Any CPU
		Release|Any CPU = Release|Any CPU
	EndGlobalSection
	GlobalSection(ProjectConfigurationPlatforms) = postSolution
		{9fa4aa3d-1347-51ea-9738-20ed432cda65}.Debug|Any CPU.ActiveCfg = Debug|Any CPU
		{9fa4aa3d-1347-51ea-9738-20ed432cda65}.Debug|Any CPU.Build.0 = Debug|Any CPU
		{9fa4aa3d-1347-51ea-9738-20ed432cda65}.Release|Any CPU.ActiveCfg = Release|Any CPU
		{9fa4aa3d-1347-51ea-9738-20ed432cda65}.Release|Any CPU.Build.0 = Release|Any CPU
	EndGlobalSection
EndGlobal
